github.com/KyleBanks/depth v1.2.1 h1:5h8fQADFrWtarTdtDudMmGsC7GPbOAu6RVB3ffsVFHc=
github.com/KyleBanks/depth v1.2.1/go.mod h1:jzSb9d0L43HxTQfT+oSA1EEp2q+ne2uh6XgeJcm8brE=
github.com/PuerkitoBio/purell v1.1.1 h1:WEQqlqaGbrPkxLJWfBwQmfEAE1Z7ONdDLqrN38tNFfI=
github.com/PuerkitoBio/purell v1.1.1/go.mod h1:c11w/QuzBsJSee3cPx9rAFu61PvFxuPbtSwDGJws/X0=
github.com/PuerkitoBio/urlesc v0.0.0-20170810143723-de5bf2ad4578 h1:d+Bc7a5rLufV/sSk/8dngufqelfh6jnri85riMAaF/M=
github.com/PuerkitoBio/urlesc v0.0.0-20170810143723-de5bf2ad4578/go.mod h1:uGdkoq3SwY9Y+13GIhn11/XLaGBb4BfwItxLd5jeuXE=
github.com/Rasikrr/core v0.0.85 h1:qOVNanS48+uM8N+VxwOu+DBM7+Dp72LJtvj8UlqGJFk=
github.com/Rasikrr/core v0.0.85/go.mod h1:ldu/2acJUI1KCj1y17fWxLt4AyuhcbYHsI1zTt3S6ik=
github.com/Rasikrr/core v0.0.86 h1:nL5rMN9uX7L0a7jpps98yPEKoAJYnMtDD1QSr2hR0kM=
github.com/Rasikrr/core v0.0.86/go.mod h1:ldu/2acJUI1KCj1y17fWxLt4AyuhcbYHsI1zTt3S6ik=
github.com/andybalholm/brotli v1.1.0 h1:eLKJA0d02Lf0mVpIDgYnqXcUn0GqVmEFny3VuID1U3M=
github.com/andybalholm/brotli v1.1.0/go.mod h1:sms7XGricyQI9K10gOSf56VKKWS4oLer58Q+mhRPtnY=
github.com/avast/retry-go v3.0.0+incompatible h1:4SOWQ7Qs+oroOTQOYnAHqelpCO0biHSxpiH9JdtuBj0=
github.com/avast/retry-go v3.0.0+incompatible/go.mod h1:XtSnn+n/sHqQIpZ10K1qAevBhOOCWBLXXy3hyiqqBrY=
github.com/aws/aws-sdk-go-v2 v1.41.1 h1:ABlyEARCDLN034NhxlRUSZr4l71mh+T5KAeGh6cerhU=
github.com/aws/aws-sdk-go-v2 v1.41.1/go.mod h1:MayyLB8y+buD9hZqkCW3kX1AKq07Y5pXxtgB+rRFhz0=
github.com/aws/aws-sdk-go-v2/aws/protocol/eventstream v1.7.4 h1:489krEF9xIGkOaaX3CE/Be2uWjiXrkCH6gUX+bZA/BU=
github.com/aws/aws-sdk-go-v2/aws/protocol/eventstream v1.7.4/go.mod h1:IOAPF6oT9KCsceNTvvYMNHy0+kMF8akOjeDvPENWxp4=
github.com/aws/aws-sdk-go-v2/config v1.32.7 h1:vxUyWGUwmkQ2g19n7JY/9YL8MfAIl7bTesIUykECXmY=
github.com/aws/aws-sdk-go-v2/config v1.32.7/go.mod h1:2/Qm5vKUU/r7Y+zUk/Ptt2MDAEKAfUtKc1+3U1Mo3oY=
github.com/aws/aws-sdk-go-v2/credentials v1.19.7 h1:tHK47VqqtJxOymRrNtUXN5SP/zUTvZKeLx4tH6PGQc8=
github.com/aws/aws-sdk-go-v2/credentials v1.19.7/go.mod h1:qOZk8sPDrxhf+4Wf4oT2urYJrYt3RejHSzgAquYeppw=
github.com/aws/aws-sdk-go-v2/feature/ec2/imds v1.18.17 h1:I0GyV8wiYrP8XpA70g1HBcQO1JlQxCMTW9npl5UbDHY=
github.com/aws/aws-sdk-go-v2/feature/ec2/imds v1.18.17/go.mod h1:tyw7BOl5bBe/oqvoIeECFJjMdzXoa/dfVz3QQ5lgHGA=
github.com/aws/aws-sdk-go-v2/feature/s3/manager v1.22.0 h1:MpkX8EjkwuvyuX9B7+Zgk5M4URb2WQ84Y6jM81n5imw=
github.com/aws/aws-sdk-go-v2/feature/s3/manager v1.22.0/go.mod h1:4V9Pv5sFfMPWQF0Q0zYN6BlV/504dFGaTeogallRqQw=
github.com/aws/aws-sdk-go-v2/internal/configsources v1.4.17 h1:xOLELNKGp2vsiteLsvLPwxC+mYmO6OZ8PYgiuPJzF8U=
github.com/aws/aws-sdk-go-v2/internal/configsources v1.4.17/go.mod h1:5M5CI3D12dNOtH3/mk6minaRwI2/37ifCURZISxA/IQ=
github.com/aws/aws-sdk-go-v2/internal/endpoints/v2 v2.7.17 h1:WWLqlh79iO48yLkj1v3ISRNiv+3KdQoZ6JWyfcsyQik=
github.com/aws/aws-sdk-go-v2/internal/endpoints/v2 v2.7.17/go.mod h1:EhG22vHRrvF8oXSTYStZhJc1aUgKtnJe+aOiFEV90cM=
github.com/aws/aws-sdk-go-v2/internal/ini v1.8.4 h1:WKuaxf++XKWlHWu9ECbMlha8WOEGm0OUEZqm4K/Gcfk=
github.com/aws/aws-sdk-go-v2/internal/ini v1.8.4/go.mod h1:ZWy7j6v1vWGmPReu0iSGvRiise4YI5SkR3OHKTZ6Wuc=
github.com/aws/aws-sdk-go-v2/internal/v4a v1.4.17 h1:JqcdRG//czea7Ppjb+g/n4o8i/R50aTBHkA7vu0lK+k=
github.com/aws/aws-sdk-go-v2/internal/v4a v1.4.17/go.mod h1:CO+WeGmIdj/MlPel2KwID9Gt7CNq4M65HUfBW97liM0=
github.com/aws/aws-sdk-go-v2/service/internal/accept-encoding v1.13.4 h1:0ryTNEdJbzUCEWkVXEXoqlXV72J5keC1GvILMOuD00E=
github.com/aws/aws-sdk-go-v2/service/internal/accept-encoding v1.13.4/go.mod h1:HQ4qwNZh32C3CBeO6iJLQlgtMzqeG17ziAA/3KDJFow=
github.com/aws/aws-sdk-go-v2/service/internal/checksum v1.9.8 h1:Z5EiPIzXKewUQK0QTMkutjiaPVeVYXX7KIqhXu/0fXs=
github.com/aws/aws-sdk-go-v2/service/internal/checksum v1.9.8/go.mod h1:FsTpJtvC4U1fyDXk7c71XoDv3HlRm8V3NiYLeYLh5YE=
github.com/aws/aws-sdk-go-v2/service/internal/presigned-url v1.13.17 h1:RuNSMoozM8oXlgLG/n6WLaFGoea7/CddrCfIiSA+xdY=
github.com/aws/aws-sdk-go-v2/service/internal/presigned-url v1.13.17/go.mod h1:F2xxQ9TZz5gDWsclCtPQscGpP0VUOc8RqgFM3vDENmU=
github.com/aws/aws-sdk-go-v2/service/internal/s3shared v1.19.17 h1:bGeHBsGZx0Dvu/eJC0Lh9adJa3M1xREcndxLNZlve2U=
github.com/aws/aws-sdk-go-v2/service/internal/s3shared v1.19.17/go.mod h1:dcW24lbU0CzHusTE8LLHhRLI42ejmINN8Lcr22bwh/g=
github.com/aws/aws-sdk-go-v2/service/s3 v1.96.0 h1:oeu8VPlOre74lBA/PMhxa5vewaMIMmILM+RraSyB8KA=
github.com/aws/aws-sdk-go-v2/service/s3 v1.96.0/go.mod h1:5jggDlZ2CLQhwJBiZJb4vfk4f0GxWdEDruWKEJ1xOdo=
github.com/aws/aws-sdk-go-v2/service/signin v1.0.5 h1:VrhDvQib/i0lxvr3zqlUwLwJP4fpmpyD9wYG1vfSu+Y=
github.com/aws/aws-sdk-go-v2/service/signin v1.0.5/go.mod h1:k029+U8SY30/3/ras4G/Fnv/b88N4mAfliNn08Dem4M=
github.com/aws/aws-sdk-go-v2/service/sso v1.30.9 h1:v6EiMvhEYBoHABfbGB4alOYmCIrcgyPPiBE1wZAEbqk=
github.com/aws/aws-sdk-go-v2/service/sso v1.30.9/go.mod h1:yifAsgBxgJWn3ggx70A3urX2AN49Y5sJTD1UQFlfqBw=
github.com/aws/aws-sdk-go-v2/service/ssooidc v1.35.13 h1:gd84Omyu9JLriJVCbGApcLzVR3XtmC4ZDPcAI6Ftvds=
github.com/aws/aws-sdk-go-v2/service/ssooidc v1.35.13/go.mod h1:sTGThjphYE4Ohw8vJiRStAcu3rbjtXRsdNB0TvZ5wwo=
github.com/aws/aws-sdk-go-v2/service/sts v1.41.6 h1:5fFjR/ToSOzB2OQ/XqWpZBmNvmP/pJ1jOWYlFDJTjRQ=
github.com/aws/aws-sdk-go-v2/service/sts v1.41.6/go.mod h1:qgFDZQSD/Kys7nJnVqYlWKnh0SSdMjAi0uSwON4wgYQ=
github.com/aws/smithy-go v1.24.0 h1:LpilSUItNPFr1eY85RYgTIg5eIEPtvFbskaFcmmIUnk=
github.com/aws/smithy-go v1.24.0/go.mod h1:LEj2LM3rBRQJxPZTB4KuzZkaZYnZPnvgIhb4pu07mx0=
github.com/cespare/xxhash/v2 v2.3.0 h1:UL815xU9SqsFlibzuggzjXhog7bL6oX9BbNZnL2UFvs=
github.com/cespare/xxhash/v2 v2.3.0/go.mod h1:VGX0DQ3Q6kWi7AoAeZDth3/j3BFtOZR5XLFGgcrjCOs=
github.com/cockroachdb/errors v1.12.0 h1:d7oCs6vuIMUQRVbi6jWWWEJZahLCfJpnJSVobd1/sUo=
github.com/cockroachdb/errors v1.12.0/go.mod h1:SvzfYNNBshAVbZ8wzNc/UPK3w1vf0dKDUP41ucAIf7g=
github.com/cockroachdb/logtags v0.0.0-20230118201751-21c54148d20b h1:r6VH0faHjZeQy818SGhaone5OnYfxFR/+AzdY3sf5aE=
github.com/cockroachdb/logtags v0.0.0-20230118201751-21c54148d20b/go.mod h1:Vz9DsVWQQhf3vs21MhPMZpMGSht7O/2vFW2xusFUVOs=
github.com/cockroachdb/redact v1.1.5 h1:u1PMllDkdFfPWaNGMyLD1+so+aq3uUItthCFqzwPJ30=
github.com/cockroachdb/redact v1.1.5/go.mod h1:BVNblN9mBWFyMyqK1k3AAiSxhvhfK2oOZZ2lK+dpvRg=
github.com/creack/pty v1.1.9/go.mod h1:oKZEueFk5CKHvIhNR5MUki03XCEU+Q6VDXinZuGJ33E=
github.com/davecgh/go-spew v1.1.0/go.mod h1:J7Y8YcW2NihsgmVo/mv3lAwl/skON4iLHjSsI+c5H38=
github.com/davecgh/go-spew v1.1.1 h1:vj9j/u1bqnvCEfJOwUhtlOARqs3+rkHYY13jYWTU97c=
github.com/davecgh/go-spew v1.1.1/go.mod h1:J7Y8YcW2NihsgmVo/mv3lAwl/skON4iLHjSsI+c5H38=
github.com/dgryski/go-rendezvous v0.0.0-20200823014737-9f7001d12a5f h1:lO4WD4F/rVNCu3HqELle0jiPLLBs70cWOduZpkS1E78=
github.com/dgryski/go-rendezvous v0.0.0-20200823014737-9f7001d12a5f/go.mod h1:cuUVRXasLTGF7a8hSLbxyZXjz+1KgoB3wDUb6vlszIc=
github.com/gabriel-vasile/mimetype v1.4.4 h1:QjV6pZ7/XZ7ryI2KuyeEDE8wnh7fHP9YnQy+R0LnH8I=
github.com/gabriel-vasile/mimetype v1.4.4/go.mod h1:JwLei5XPtWdGiMFB5Pjle1oEeoSeEuJfJE+TtfvdB/s=
github.com/georgysavva/scany/v2 v2.1.4 h1:nrzHEJ4oQVRoiKmocRqA1IyGOmM/GQOEsg9UjMR5Ip4=
github.com/georgysavva/scany/v2 v2.1.4/go.mod h1:fqp9yHZzM/PFVa3/rYEC57VmDx+KDch0LoqrJzkvtos=
github.com/getsentry/sentry-go v0.27.0 h1:Pv98CIbtB3LkMWmXi4Joa5OOcwbmnX88sF5qbK3r3Ps=
github.com/getsentry/sentry-go v0.27.0/go.mod h1:lc76E2QywIyW8WuBnwl8Lc4bkmQH4+w1gwTf25trprY=
github.com/getsentry/sentry-go v0.40.0 h1:VTJMN9zbTvqDqPwheRVLcp0qcUcM+8eFivvGocAaSbo=
github.com/getsentry/sentry-go v0.40.0/go.mod h1:eRXCoh3uvmjQLY6qu63BjUZnaBu5L5WhMV1RwYO8W5s=
github.com/go-chi/chi/v5 v5.2.5 h1:Eg4myHZBjyvJmAFjFvWgrqDTXFyOzjj7YIm3L3mu6Ug=
github.com/go-chi/chi/v5 v5.2.5/go.mod h1:X7Gx4mteadT3eDOMTsXzmI4/rwUpOwBHLpAfupzFJP0=
github.com/go-errors/errors v1.4.2 h1:J6MZopCL4uSllY1OfXM374weqZFFItUbrImctkmUxIA=
github.com/go-errors/errors v1.4.2/go.mod h1:sIVyrIiJhuEF+Pj9Ebtd6P/rEYROXFi3BopGUQ5a5Og=
github.com/go-openapi/jsonpointer v0.19.3/go.mod h1:Pl9vOtqEWErmShwVjC8pYs9cog34VGT37dQOVbmoatg=
github.com/go-openapi/jsonpointer v0.19.5 h1:gZr+CIYByUqjcgeLXnQu2gHYQC9o73G2XUeOFYEICuY=
github.com/go-openapi/jsonpointer v0.19.5/go.mod h1:Pl9vOtqEWErmShwVjC8pYs9cog34VGT37dQOVbmoatg=
github.com/go-openapi/jsonreference v0.19.6 h1:UBIxjkht+AWIgYzCDSv2GN+E/togfwXUJFRTWhl2Jjs=
github.com/go-openapi/jsonreference v0.19.6/go.mod h1:diGHMEHg2IqXZGKxqyvWdfWU/aim5Dprw5bqpKkTvns=
github.com/go-openapi/jsonreference v0.20.0 h1:MYlu0sBgChmCfJxxUKZ8g1cPWFOB37YSZqewK7OKeyA=
github.com/go-openapi/jsonreference v0.20.0/go.mod h1:Ag74Ico3lPc+zR+qjn4XBUmXymS4zJbYVCZmcgkasdo=
github.com/go-openapi/spec v0.20.4 h1:O8hJrt0UMnhHcluhIdUgCLRWyM2x7QkBXRvOs7m+O1M=
github.com/go-openapi/spec v0.20.4/go.mod h1:faYFR1CvsJZ0mNsmsphTMSoRrNV3TEDoAM7FOEWeq8I=
github.com/go-openapi/spec v0.20.6 h1:ich1RQ3WDbfoeTqTAb+5EIxNmpKVJZWBNah9RAT0jIQ=
github.com/go-openapi/spec v0.20.6/go.mod h1:2OpW+JddWPrpXSCIX8eOx7lZ5iyuWj3RYR6VaaBKcWA=
github.com/go-openapi/swag v0.19.5/go.mod h1:POnQmlKehdgb5mhVOsnJFsivZCEZ/vjK9gh66Z9tfKk=
github.com/go-openapi/swag v0.19.15 h1:D2NRCBzS9/pEY3gP9Nl8aDqGUcPFrwG2p+CNFrLyrCM=
github.com/go-openapi/swag v0.19.15/go.mod h1:QYRuS/SOXUCsnplDa677K7+DxSOj6IPNl/eQntq43wQ=
github.com/gogo/protobuf v1.3.2 h1:Ov1cvc58UF3b5XjBnZv7+opcTcQFZebYjWzi34vdm4Q=
github.com/gogo/protobuf v1.3.2/go.mod h1:P1XiOD3dCwIKUDQYPy72D8LYyHL2YPYrpS2s69NZV8Q=
github.com/golang-jwt/jwt v3.2.2+incompatible h1:IfV12K8xAKAnZqdXVzCZ+TOjboZ2keLg81eXfW3O+oY=
github.com/golang-jwt/jwt v3.2.2+incompatible/go.mod h1:8pz2t5EyA70fFQQSrl6XZXzqecmYZeUEB8OUGHkxJ+I=
github.com/google/go-cmp v0.5.9 h1:O2Tfq5qg4qc4AmwVlvv0oLiVAGB7enBSJ2x2DqQFi38=
github.com/google/go-cmp v0.5.9/go.mod h1:17dUlkBOakJ0+DkrSSNjCkIjxS6bF9zb3elmeNGIjoY=
github.com/google/uuid v1.6.0 h1:NIvaJDMOsjHA8n1jAhLSgzrAzy1Hgr+hNrb57e+94F0=
github.com/google/uuid v1.6.0/go.mod h1:TIyPZe4MgqvfeYDBFedMoGGpEw/LqOeaOT+nhxU+yHo=
github.com/gosimple/slug v1.15.0 h1:wRZHsRrRcs6b0XnxMUBM6WK1U1Vg5B0R7VkIf1Xzobo=
github.com/gosimple/slug v1.15.0/go.mod h1:UiRaFH+GEilHstLUmcBgWcI42viBN7mAb818JrYOeFQ=
github.com/gosimple/unidecode v1.0.1 h1:hZzFTMMqSswvf0LBJZCZgThIZrpDHFXux9KeGmn6T/o=
github.com/gosimple/unidecode v1.0.1/go.mod h1:CP0Cr1Y1kogOtx0bJblKzsVWrqYaqfNOnHzpgWw4Awc=
github.com/green-api/whatsapp-api-client-golang-v2 v1.0.4 h1:L7cPpzY4B5P4Tq3wzlJuNtDJjSbU0yopZzgYCpRkd7Q=
github.com/green-api/whatsapp-api-client-golang-v2 v1.0.4/go.mod h1:Cqfa8VQbFrerxLw5YEhsUtBuDK1ND1w0tIRBRzXx6zw=
github.com/josharian/intern v1.0.0 h1:vlS4z54oSdjm0bgjRigI+G1HpF+tI+9rE5LLzOg8HmY=
github.com/josharian/intern v1.0.0/go.mod h1:5DoeVV0s6jJacbCEi61lwdGj/aVlrQvzHFFd8Hwg//Y=
github.com/kisielk/errcheck v1.5.0/go.mod h1:pFxgyoBC7bSaBwPgfKdkLd5X25qrDl4LWUI2bnpBCr8=
github.com/kisielk/gotool v1.0.0/go.mod h1:XhKaO+MFFWcvkIS/tQcRk01m1F5IRFswLeQ+oQHNcck=
github.com/klauspost/compress v1.17.8 h1:YcnTYrq7MikUT7k0Yb5eceMmALQPYBW/Xltxn0NAMnU=
github.com/klauspost/compress v1.17.8/go.mod h1:Di0epgTjJY877eYKx5yC51cX2A2Vl2ibi7bDH9ttBbw=
github.com/klauspost/compress v1.18.0/go.mod h1:2Pp+KzxcywXVXMr50+X0Q/Lsb43OQHYWRCY2AiWywWQ=
github.com/kr/pretty v0.1.0/go.mod h1:dAy3ld7l9f0ibDNOQOHHMYYIIbhfbHSm3C4ZsoJORNo=
github.com/kr/pretty v0.3.1 h1:flRD4NNwYAUpkphVc1HcthR4KEIFJ65n8Mw5qdRn3LE=
github.com/kr/pretty v0.3.1/go.mod h1:hoEshYVHaxMs3cyo3Yncou5ZscifuDolrwPKZanG3xk=
github.com/kr/pty v1.1.1/go.mod h1:pFQYn66WHrOpPYNljwOMqo10TkYh1fy3cYio2l3bCsQ=
github.com/kr/text v0.1.0/go.mod h1:4Jbv+DJW3UT/LiOwJeYQe1efqtUx/iVham/4vfdArNI=
github.com/kr/text v0.2.0 h1:5Nx0Ya0ZqY2ygV366QzturHI13Jq95ApcVaJBhpS+AY=
github.com/kr/text v0.2.0/go.mod h1:eLer722TekiGuMkidMxC/pM04lWEeraHUUmBw8l2grE=
github.com/mailru/easyjson v0.0.0-20190614124828-94de47d64c63/go.mod h1:C1wdFJiN94OJF2b5HbByQZoLdCWB1Yqtg26g4irojpc=
github.com/mailru/easyjson v0.0.0-20190626092158-b2ccc519800e/go.mod h1:C1wdFJiN94OJF2b5HbByQZoLdCWB1Yqtg26g4irojpc=
github.com/mailru/easyjson v0.7.6/go.mod h1:xzfreul335JAWq5oZzymOObrkdz5UnU4kGfJJLY9Nlc=
github.com/mailru/easyjson v0.9.1 h1:LbtsOm5WAswyWbvTEOqhypdPeZzHavpZx96/n553mR8=
github.com/mailru/easyjson v0.9.1/go.mod h1:1+xMtQp2MRNVL/V1bOzuP3aP8VNwRW55fQUto+XFtTU=
github.com/niemeyer/pretty v0.0.0-20200227124842-a10e7caefd8e/go.mod h1:zD1mROLANZcx1PVRCS0qkT7pwLkGfwJo4zjcN/Tysno=
github.com/pingcap/errors v0.11.4 h1:lFuQV/oaUMGcD2tqt+01ROSmJs75VG1ToEOkZIZ4nE4=
github.com/pingcap/errors v0.11.4/go.mod h1:Oi8TUi2kEtXXLMJk9l1cGmz20kV3TaQ0usTwv5KuLY8=
github.com/pkg/diff v0.0.0-20210226163009-20ebb0f2a09e/go.mod h1:pJLUxLENpZxwdsKMEsNbx1VGcRFpLqf3715MtcvvzbA=
github.com/pkg/errors v0.9.1 h1:FEBLx1zS214owpjy7qsBeixbURkuhQAwrK5UwLGTwt4=
github.com/pkg/errors v0.9.1/go.mod h1:bwawxfHBFNV+L2hUp1rHADufV3IMtnDRdf1r5NINEl0=
github.com/pmezard/go-difflib v1.0.0 h1:4DBwDE0NGyQoBHbLQYPwSUPoCMWR5BEzIk/f1lZbAQM=
github.com/pmezard/go-difflib v1.0.0/go.mod h1:iKH77koFhYxTK1pcRnkKkqfTogsbg7gZNVY4sRDYZ/4=
github.com/redis/go-redis/v9 v9.18.0 h1:pMkxYPkEbMPwRdenAzUNyFNrDgHx9U+DrBabWNfSRQs=
github.com/redis/go-redis/v9 v9.18.0/go.mod h1:k3ufPphLU5YXwNTUcCRXGxUoF1fqxnhFQmscfkCoDA0=
github.com/rogpeppe/go-internal v1.9.0 h1:73kH8U+JUqXU8lRuOHeVHaa/SZPifC7BkcraZVejAe8=
github.com/rogpeppe/go-internal v1.9.0/go.mod h1:WtVeX8xhTBvf0smdhujwtBcq4Qrzq/fJaraNFVN+nFs=
github.com/rogpeppe/go-internal v1.14.1 h1:UQB4HGPB6osV0SQTLymcB4TgvyWu6ZyliaW0tI/otEQ=
github.com/rogpeppe/go-internal v1.14.1/go.mod h1:MaRKkUm5W0goXpeCfT7UZI6fk/L7L7so1lCWt35ZSgc=
github.com/shopspring/decimal v1.4.0 h1:bxl37RwXBklmTi0C79JfXCEBD1cqqHt0bbgBAGFp81k=
github.com/shopspring/decimal v1.4.0/go.mod h1:gawqmDU56v4yIKSwfBSFip1HdCCXN8/+DMd9qYNcwME=
github.com/stretchr/objx v0.1.0/go.mod h1:HFkY916IF+rwdDfMAkV7OtwuqBVzrE8GR6GFx+wExME=
github.com/stretchr/testify v1.3.0/go.mod h1:M5WIy9Dh21IEIfnGCwXGc5bZfKNJtfHm1UVUgZn+9EI=
github.com/stretchr/testify v1.6.1/go.mod h1:6Fq8oRcR53rry900zMqJjRRixrwX3KX962/h/Wwjteg=
github.com/stretchr/testify v1.11.1 h1:7s2iGBzp5EwR7/aIZr8ao5+dra3wiQyKjjFuvgVKu7U=
github.com/stretchr/testify v1.11.1/go.mod h1:wZwfW3scLgRK+23gO65QZefKpKQRnfz6sD981Nm4B6U=
github.com/swaggo/files v0.0.0-20220610200504-28940afbdbfe h1:K8pHPVoTgxFJt1lXuIzzOX7zZhZFldJQK/CgKx9BFIc=
github.com/swaggo/files v0.0.0-20220610200504-28940afbdbfe/go.mod h1:lKJPbtWzJ9JhsTN1k1gZgleJWY/cqq0psdoMmaThG3w=
github.com/swaggo/http-swagger v1.3.4 h1:q7t/XLx0n15H1Q9/tk3Y9L4n210XzJF5WtnDX64a5ww=
github.com/swaggo/http-swagger v1.3.4/go.mod h1:9dAh0unqMBAlbp1uE2Uc2mQTxNMU/ha4UbucIg1MFkQ=
github.com/swaggo/swag v1.16.6 h1:qBNcx53ZaX+M5dxVyTrgQ0PJ/ACK+NzhwcbieTt+9yI=
github.com/swaggo/swag v1.16.6/go.mod h1:ngP2etMK5a0P3QBizic5MEwpRmluJZPHjXcMoj4Xesg=
github.com/valyala/bytebufferpool v1.0.0 h1:GqA5TC/0021Y/b9FG4Oi9Mr3q7XYx6KllzawFIhcdPw=
github.com/valyala/bytebufferpool v1.0.0/go.mod h1:6bBcMArwyJ5K/AmCkWv1jt77kVWyCJ6HpOuEn7z0Csc=
github.com/valyala/fasthttp v1.54.0 h1:cCL+ZZR3z3HPLMVfEYVUMtJqVaui0+gu7Lx63unHwS0=
github.com/valyala/fasthttp v1.54.0/go.mod h1:6dt4/8olwq9QARP/TDuPmWyWcl4byhpvTJ4AAtcz+QM=
github.com/yuin/goldmark v1.1.27/go.mod h1:3hX8gzYuyVAZsxl0MRgGTJEmQBFcNTphYh9decYSb74=
github.com/yuin/goldmark v1.2.1/go.mod h1:3hX8gzYuyVAZsxl0MRgGTJEmQBFcNTphYh9decYSb74=
go.uber.org/atomic v1.11.0 h1:ZvwS0R+56ePWxUNi+Atn9dWONBPp/AUETXlHW0DxSjE=
go.uber.org/atomic v1.11.0/go.mod h1:LUxbIzbOniOlMKjJjyPfpl4v+PKK2cNJn91OQbhoJI0=
golang.org/x/crypto v0.0.0-20190308221718-c2843e01d9a2/go.mod h1:djNgcEr1/C05ACkg1iLfiJU5Ep61QUkGW8qpdssI0+w=
golang.org/x/crypto v0.0.0-20191011191535-87dc89f01550/go.mod h1:yigFU9vqHzYiE8UmvKecakEJjdnWj3jj499lnFckfCI=
golang.org/x/crypto v0.0.0-20200622213623-75b288015ac9/go.mod h1:LzIPMQfyMNhhGPhUkYOs5KpL4U8rLKemX1yGLhDgUto=
golang.org/x/crypto v0.36.0 h1:AnAEvhDddvBdpY+uR+MyHmuZzzNqXSe/GvuDeob5L34=
golang.org/x/crypto v0.36.0/go.mod h1:Y4J0ReaxCR1IMaabaSMugxJES1EpwhBHhv2bDHklZvc=
golang.org/x/crypto v0.41.0/go.mod h1:pO5AFd7FA68rFak7rOAGVuygIISepHftHnr8dr6+sUc=
golang.org/x/crypto v0.48.0 h1:/VRzVqiRSggnhY7gNRxPauEQ5Drw9haKdM0jqfcCFts=
golang.org/x/crypto v0.48.0/go.mod h1:r0kV5h3qnFPlQnBSrULhlsRfryS2pmewsg+XfMgkVos=
golang.org/x/mod v0.2.0/go.mod h1:s0Qsj1ACt9ePp/hMypM3fl4fZqREWJwdYDEqhRiZZUA=
golang.org/x/mod v0.3.0/go.mod h1:s0Qsj1ACt9ePp/hMypM3fl4fZqREWJwdYDEqhRiZZUA=
golang.org/x/mod v0.32.0 h1:9F4d3PHLljb6x//jOyokMv3eX+YDeepZSEo3mFJy93c=
golang.org/x/mod v0.32.0/go.mod h1:SgipZ/3h2Ci89DlEtEXWUk/HteuRin+HHhN+WbNhguU=
golang.org/x/net v0.0.0-20190404232315-eb5bcb51f2a3/go.mod h1:t9HGtf8HONx5eT2rtn7q6eTqICYqUVnKs3thJo3Qplg=
golang.org/x/net v0.0.0-20190620200207-3b0461eec859/go.mod h1:z5CRVTTTmAJ677TzLLGU+0bjPO0LkuOLi4/5GtJWs/s=
golang.org/x/net v0.0.0-20200226121028-0de0cce0169b/go.mod h1:z5CRVTTTmAJ677TzLLGU+0bjPO0LkuOLi4/5GtJWs/s=
golang.org/x/net v0.0.0-20201021035429-f5854403a974/go.mod h1:sp8m0HH+o8qH0wwXwYZr8TS3Oi6o0r6Gce1SSxlDquU=
golang.org/x/net v0.0.0-20210421230115-4e50805a0758/go.mod h1:72T/g9IO56b78aLF+1Kcs5dz7/ng1VjMUvfKvpfy+jM=
golang.org/x/net v0.0.0-20210805182204-aaa1db679c0d/go.mod h1:9nx3DQGgdP8bBQD5qxJ1jj9UTztislL4KSBs9R2vV5Y=
golang.org/x/net v0.38.0 h1:vRMAPTMaeGqVhG5QyLJHqNDwecKTomGeqbnfZyKlBI8=
golang.org/x/net v0.38.0/go.mod h1:ivrbrMbzFq5J41QOQh0siUuly180yBYtLp+CKbEaFx8=
golang.org/x/net v0.43.0/go.mod h1:vhO1fvI4dGsIjh73sWfUVjj3N7CA9WkKJNQm2svM6Jg=
golang.org/x/net v0.49.0 h1:eeHFmOGUTtaaPSGNmjBKpbng9MulQsJURQUAfUwY++o=
golang.org/x/net v0.49.0/go.mod h1:/ysNB2EvaqvesRkuLAyjI1ycPZlQHM3q01F02UY/MV8=
golang.org/x/sync v0.0.0-20190423024810-112230192c58/go.mod h1:RxMgew5VJxzue5/jJTE5uejpjVlOe/izrB70Jof72aM=
golang.org/x/sync v0.0.0-20190911185100-cd5d95a43a6e/go.mod h1:RxMgew5VJxzue5/jJTE5uejpjVlOe/izrB70Jof72aM=
golang.org/x/sync v0.0.0-20201020160332-67f06af15bc9/go.mod h1:RxMgew5VJxzue5/jJTE5uejpjVlOe/izrB70Jof72aM=
golang.org/x/sync v0.19.0 h1:vV+1eWNmZ5geRlYjzm2adRgW2/mcpevXNg50YZtPCE4=
golang.org/x/sync v0.19.0/go.mod h1:9KTHXmSnoGruLpwFjVSX0lNNA75CykiMECbovNTZqGI=
golang.org/x/sys v0.0.0-20190215142949-d0b11bdaac8a/go.mod h1:STP8DvDyc/dI5b8T5hshtkjS+E42TnysNCUPdjciGhY=
golang.org/x/sys v0.0.0-20190412213103-97732733099d/go.mod h1:h1NjWce9XRLGQEsW7wpKNCjG9DtNlClVuFLEZdDNbEs=
golang.org/x/sys v0.0.0-20200930185726-fdedc70b468f/go.mod h1:h1NjWce9XRLGQEsW7wpKNCjG9DtNlClVuFLEZdDNbEs=
golang.org/x/sys v0.0.0-20201119102817-f84b799fce68/go.mod h1:h1NjWce9XRLGQEsW7wpKNCjG9DtNlClVuFLEZdDNbEs=
golang.org/x/sys v0.0.0-20210420072515-93ed5bcd2bfe/go.mod h1:h1NjWce9XRLGQEsW7wpKNCjG9DtNlClVuFLEZdDNbEs=
golang.org/x/sys v0.0.0-20210423082822-04245dca01da/go.mod h1:h1NjWce9XRLGQEsW7wpKNCjG9DtNlClVuFLEZdDNbEs=
golang.org/x/sys v0.31.0 h1:ioabZlmFYtWhL+TRYpcnNlLwhyxaM9kWTDEmfnprqik=
golang.org/x/sys v0.31.0/go.mod h1:BJP2sWEmIv4KK5OTEluFJCKSidICx8ciO85XgH3Ak8k=
golang.org/x/sys v0.35.0/go.mod h1:BJP2sWEmIv4KK5OTEluFJCKSidICx8ciO85XgH3Ak8k=
golang.org/x/sys v0.41.0 h1:Ivj+2Cp/ylzLiEU89QhWblYnOE9zerudt9Ftecq2C6k=
golang.org/x/sys v0.41.0/go.mod h1:OgkHotnGiDImocRcuBABYBEXf8A9a87e/uXjp9XT3ks=
golang.org/x/term v0.0.0-20201126162022-7de9c90e9dd1/go.mod h1:bj7SfCRtBDWHUb9snDiAeCFNEtKQo2Wmx5Cou7ajbmo=
golang.org/x/text v0.3.0/go.mod h1:NqM8EUOU14njkJ3fqMW+pc6Ldnwhi/IjpwHt7yyuwOQ=
golang.org/x/text v0.3.3/go.mod h1:5Zoc/QRtKVWzQhOtBMvqHzDpF6irO9z98xDceosuGiQ=
golang.org/x/text v0.3.6/go.mod h1:5Zoc/QRtKVWzQhOtBMvqHzDpF6irO9z98xDceosuGiQ=
golang.org/x/text v0.3.7/go.mod h1:u+2+/6zg+i71rQMx5EYifcz6MCKuco9NR6JIITiCfzQ=
golang.org/x/text v0.23.0 h1:D71I7dUrlY+VX0gQShAThNGHFxZ13dGLBHQLVl1mJlY=
golang.org/x/text v0.23.0/go.mod h1:/BLNzu4aZCJ1+kcD0DNRotWKage4q2rGVAg4o22unh4=
golang.org/x/text v0.28.0/go.mod h1:U8nCwOR8jO/marOQ0QbDiOngZVEBB7MAiitBuMjXiNU=
golang.org/x/text v0.34.0 h1:oL/Qq0Kdaqxa1KbNeMKwQq0reLCCaFtqu2eNuSeNHbk=
golang.org/x/text v0.34.0/go.mod h1:homfLqTYRFyVYemLBFl5GgL/DWEiH5wcsQ5gSh1yziA=
golang.org/x/tools v0.0.0-20180917221912-90fa682c2a6e/go.mod h1:n7NCudcB/nEzxVGmLbDWY5pfWTLqBcC2KZ6jyYvM4mQ=
golang.org/x/tools v0.0.0-20191119224855-298f0cb1881e/go.mod h1:b+2E5dAYhXwXZwtnZ6UAqBI28+e2cm9otk0dWdXHAEo=
golang.org/x/tools v0.0.0-20200619180055-7c47624df98f/go.mod h1:EkVYQZoAsY45+roYkvgYkIh4xh/qjgUK9TdY2XT94GE=
golang.org/x/tools v0.0.0-20210106214847-113979e3529a/go.mod h1:emZCQorbCU4vsT4fOWvOPXz4eW1wZW4PmDk9uLelYpA=
golang.org/x/tools v0.41.0 h1:a9b8iMweWG+S0OBnlU36rzLp20z1Rp10w+IY2czHTQc=
golang.org/x/tools v0.41.0/go.mod h1:XSY6eDqxVNiYgezAVqqCeihT4j1U2CCsqvH3WhQpnlg=
golang.org/x/xerrors v0.0.0-20190717185122-a985d3407aa7/go.mod h1:I/5z698sn9Ka8TeJc9MKroUUfqBBauWjQqLJ2OPfmY0=
golang.org/x/xerrors v0.0.0-20191011141410-1b5146add898/go.mod h1:I/5z698sn9Ka8TeJc9MKroUUfqBBauWjQqLJ2OPfmY0=
golang.org/x/xerrors v0.0.0-20191204190536-9bdfabe68543/go.mod h1:I/5z698sn9Ka8TeJc9MKroUUfqBBauWjQqLJ2OPfmY0=
golang.org/x/xerrors v0.0.0-20200804184101-5ec99f83aff1/go.mod h1:I/5z698sn9Ka8TeJc9MKroUUfqBBauWjQqLJ2OPfmY0=
gopkg.in/check.v1 v0.0.0-20161208181325-20d25e280405/go.mod h1:Co6ibVJAznAaIkqp8huTwlJQCZ016jof/cbN4VW5Yz0=
gopkg.in/check.v1 v1.0.0-20180628173108-788fd7840127/go.mod h1:Co6ibVJAznAaIkqp8huTwlJQCZ016jof/cbN4VW5Yz0=
gopkg.in/check.v1 v1.0.0-20200227125254-8fa46927fb4f/go.mod h1:Co6ibVJAznAaIkqp8huTwlJQCZ016jof/cbN4VW5Yz0=
gopkg.in/check.v1 v1.0.0-20201130134442-10cb98267c6c h1:Hei/4ADfdWqJk1ZMxUNpqntNwaWcugrBjAiHlqqRiVk=
gopkg.in/check.v1 v1.0.0-20201130134442-10cb98267c6c/go.mod h1:JHkPIbrfpd72SG/EVd6muEfDQjcINNoR0C8j2r3qZ4Q=
gopkg.in/yaml.v2 v2.2.2/go.mod h1:hI93XBmqTisBFMUTm0b8Fm+jr3Dg1NNxqwp+5A1VGuI=
gopkg.in/yaml.v2 v2.4.0 h1:D8xgwECY7CYvx+Y2n4sBz93Jn9JRvxdiyyo8CTfuKaY=
gopkg.in/yaml.v2 v2.4.0/go.mod h1:RDklbk79AGWmwhnvt/jBztapEOGDOx6ZbXqjP6csGnQ=
gopkg.in/yaml.v3 v3.0.0-20200313102051-9f266ea9e77c/go.mod h1:K4uyk7z7BCEPqu6E+C64Yfv1cQ7kz7rIZviUmN+EgEM=
gopkg.in/yaml.v3 v3.0.0-20200615113413-eeeca48fe776/go.mod h1:K4uyk7z7BCEPqu6E+C64Yfv1cQ7kz7rIZviUmN+EgEM=
gopkg.in/yaml.v3 v3.0.1 h1:fxVm/GzAzEWqLHuvctI91KS9hhNmmWOoWu0XTYJS7CA=
gopkg.in/yaml.v3 v3.0.1/go.mod h1:K4uyk7z7BCEPqu6E+C64Yfv1cQ7kz7rIZviUmN+EgEM=
